// !$*UTF8*$!
{
	archiveVersion = 1;
	classes = {
	};
	objectVersion = 56;
	objects = {

/* Begin PBXBuildFile section */
		3139501A297516D60049CC1F /* UITableView+Ext.swift in Sources */ = {isa = PBXBuildFile; fileRef = 31395019297516D60049CC1F /* UITableView+Ext.swift */; };
		3139501D2975845F0049CC1F /* FollowerView.swift in Sources */ = {isa = PBXBuildFile; fileRef = 3139501C2975845F0049CC1F /* FollowerView.swift */; };
		3175CBC02962FEA8004051ED /* AppDelegate.swift in Sources */ = {isa = PBXBuildFile; fileRef = 3175CBBF2962FEA8004051ED /* AppDelegate.swift */; };
		3175CBC22962FEA8004051ED /* SceneDelegate.swift in Sources */ = {isa = PBXBuildFile; fileRef = 3175CBC12962FEA8004051ED /* SceneDelegate.swift */; };
		3175CBC92962FEAD004051ED /* Assets.xcassets in Resources */ = {isa = PBXBuildFile; fileRef = 3175CBC82962FEAD004051ED /* Assets.xcassets */; };
		3175CBCC2962FEAD004051ED /* LaunchScreen.storyboard in Resources */ = {isa = PBXBuildFile; fileRef = 3175CBCA2962FEAD004051ED /* LaunchScreen.storyboard */; };
		3175CBD4296BDB8D004051ED /* SearchVC.swift in Sources */ = {isa = PBXBuildFile; fileRef = 3175CBD3296BDB8D004051ED /* SearchVC.swift */; };
		3175CBD6296BDBB5004051ED /* FavoritesListVC.swift in Sources */ = {isa = PBXBuildFile; fileRef = 3175CBD5296BDBB5004051ED /* FavoritesListVC.swift */; };
		3175CBD8296BE508004051ED /* GFButton.swift in Sources */ = {isa = PBXBuildFile; fileRef = 3175CBD7296BE507004051ED /* GFButton.swift */; };
		3175CBDA296BE855004051ED /* GFTextField.swift in Sources */ = {isa = PBXBuildFile; fileRef = 3175CBD9296BE855004051ED /* GFTextField.swift */; };
		3175CBDC296C0406004051ED /* FollowerListVC.swift in Sources */ = {isa = PBXBuildFile; fileRef = 3175CBDB296C0406004051ED /* FollowerListVC.swift */; };
		3175CBDE296C0859004051ED /* GFTitleLabel.swift in Sources */ = {isa = PBXBuildFile; fileRef = 3175CBDD296C0859004051ED /* GFTitleLabel.swift */; };
		3175CBE0296C09AF004051ED /* GFBodyLabel.swift in Sources */ = {isa = PBXBuildFile; fileRef = 3175CBDF296C09AF004051ED /* GFBodyLabel.swift */; };
		3175CBE2296C0A69004051ED /* GFAlertVC.swift in Sources */ = {isa = PBXBuildFile; fileRef = 3175CBE1296C0A69004051ED /* GFAlertVC.swift */; };
		3175CBE4296C0FC0004051ED /* UIViewController+Ext.swift in Sources */ = {isa = PBXBuildFile; fileRef = 3175CBE3296C0FC0004051ED /* UIViewController+Ext.swift */; };
		3175CBEB296D3542004051ED /* Follower.swift in Sources */ = {isa = PBXBuildFile; fileRef = 3175CBEA296D3542004051ED /* Follower.swift */; };
		3175CBED296D360C004051ED /* User.swift in Sources */ = {isa = PBXBuildFile; fileRef = 3175CBEC296D360C004051ED /* User.swift */; };
		3175CBF0296D684C004051ED /* NetworkManager.swift in Sources */ = {isa = PBXBuildFile; fileRef = 3175CBEF296D684C004051ED /* NetworkManager.swift */; };
		3175CBF6296D77FC004051ED /* FollowerCell.swift in Sources */ = {isa = PBXBuildFile; fileRef = 3175CBF5296D77FC004051ED /* FollowerCell.swift */; };
		3175CBF8296D788E004051ED /* GFAvatarImageVIew.swift in Sources */ = {isa = PBXBuildFile; fileRef = 3175CBF7296D788E004051ED /* GFAvatarImageVIew.swift */; };
		3175CBFA296D8B5D004051ED /* UIHelper.swift in Sources */ = {isa = PBXBuildFile; fileRef = 3175CBF9296D8B5D004051ED /* UIHelper.swift */; };
		3175CC02296EDFEC004051ED /* GFEmptyStateView.swift in Sources */ = {isa = PBXBuildFile; fileRef = 3175CC01296EDFEC004051ED /* GFEmptyStateView.swift */; };
		3175CC04296FCCDB004051ED /* UserInfoVC.swift in Sources */ = {isa = PBXBuildFile; fileRef = 3175CC03296FCCDB004051ED /* UserInfoVC.swift */; };
		3175CC06296FD377004051ED /* GFError.swift in Sources */ = {isa = PBXBuildFile; fileRef = 3175CC05296FD377004051ED /* GFError.swift */; };
		3175CC08296FD66E004051ED /* GFUserInfoHeaderVC.swift in Sources */ = {isa = PBXBuildFile; fileRef = 3175CC07296FD66E004051ED /* GFUserInfoHeaderVC.swift */; };
		3175CC0A296FD6D7004051ED /* GFSecondaryTitleLabel.swift in Sources */ = {isa = PBXBuildFile; fileRef = 3175CC09296FD6D7004051ED /* GFSecondaryTitleLabel.swift */; };
		3175CC0C296FDCD4004051ED /* Constants.swift in Sources */ = {isa = PBXBuildFile; fileRef = 3175CC0B296FDCD4004051ED /* Constants.swift */; };
		3175CC0E296FED8B004051ED /* GFItemInfoView.swift in Sources */ = {isa = PBXBuildFile; fileRef = 3175CC0D296FED8B004051ED /* GFItemInfoView.swift */; };
		3175CC10296FF226004051ED /* GFItemInfoVC.swift in Sources */ = {isa = PBXBuildFile; fileRef = 3175CC0F296FF226004051ED /* GFItemInfoVC.swift */; };
		3175CC12296FF73B004051ED /* GFRepoItemVC.swift in Sources */ = {isa = PBXBuildFile; fileRef = 3175CC11296FF73B004051ED /* GFRepoItemVC.swift */; };
		3175CC14296FF8F7004051ED /* GFFollowerItemVC.swift in Sources */ = {isa = PBXBuildFile; fileRef = 3175CC13296FF8F7004051ED /* GFFollowerItemVC.swift */; };
		3175CC17296FFB52004051ED /* Date+Ext.swift in Sources */ = {isa = PBXBuildFile; fileRef = 3175CC16296FFB52004051ED /* Date+Ext.swift */; };
		3175CC19296FFB86004051ED /* String+Ext.swift in Sources */ = {isa = PBXBuildFile; fileRef = 3175CC18296FFB86004051ED /* String+Ext.swift */; };
		31AB0BDC2971722800B4059E /* PersistenceManager.swift in Sources */ = {isa = PBXBuildFile; fileRef = 31AB0BDB2971722800B4059E /* PersistenceManager.swift */; };
		31AB0BDE29717B6700B4059E /* FavoriteCell.swift in Sources */ = {isa = PBXBuildFile; fileRef = 31AB0BDD29717B6700B4059E /* FavoriteCell.swift */; };
		31AB0BE129718A1900B4059E /* GFTabBarController.swift in Sources */ = {isa = PBXBuildFile; fileRef = 31AB0BE029718A1900B4059E /* GFTabBarController.swift */; };
		31AB0BE32971931400B4059E /* GFAlertContainerView.swift in Sources */ = {isa = PBXBuildFile; fileRef = 31AB0BE22971931400B4059E /* GFAlertContainerView.swift */; };
		31AB0BE529719A7500B4059E /* GFDataLoadingVC.swift in Sources */ = {isa = PBXBuildFile; fileRef = 31AB0BE429719A7500B4059E /* GFDataLoadingVC.swift */; };
		31FC91642973E5F7000F85B4 /* UIView+Ext.swift in Sources */ = {isa = PBXBuildFile; fileRef = 31FC91632973E5F7000F85B4 /* UIView+Ext.swift */; };
/* End PBXBuildFile section */

/* Begin PBXFileReference section */
		31395019297516D60049CC1F /* UITableView+Ext.swift */ = {isa = PBXFileReference; lastKnownFileType = sourcecode.swift; path = "UITableView+Ext.swift"; sourceTree = "<group>"; };
		3139501C2975845F0049CC1F /* FollowerView.swift */ = {isa = PBXFileReference; lastKnownFileType = sourcecode.swift; path = FollowerView.swift; sourceTree = "<group>"; };
		3175CBBC2962FEA8004051ED /* GitHubFollowers.app */ = {isa = PBXFileReference; explicitFileType = wrapper.application; includeInIndex = 0; path = GitHubFollowers.app; sourceTree = BUILT_PRODUCTS_DIR; };
		3175CBBF2962FEA8004051ED /* AppDelegate.swift */ = {isa = PBXFileReference; lastKnownFileType = sourcecode.swift; path = AppDelegate.swift; sourceTree = "<group>"; };
		3175CBC12962FEA8004051ED /* SceneDelegate.swift */ = {isa = PBXFileReference; lastKnownFileType = sourcecode.swift; path = SceneDelegate.swift; sourceTree = "<group>"; };
		3175CBC82962FEAD004051ED /* Assets.xcassets */ = {isa = PBXFileReference; lastKnownFileType = folder.assetcatalog; path = Assets.xcassets; sourceTree = "<group>"; };
		3175CBCB2962FEAD004051ED /* Base */ = {isa = PBXFileReference; lastKnownFileType = file.storyboard; name = Base; path = Base.lproj/LaunchScreen.storyboard; sourceTree = "<group>"; };
		3175CBCD2962FEAD004051ED /* Info.plist */ = {isa = PBXFileReference; lastKnownFileType = text.plist.xml; path = Info.plist; sourceTree = "<group>"; };
		3175CBD3296BDB8D004051ED /* SearchVC.swift */ = {isa = PBXFileReference; lastKnownFileType = sourcecode.swift; path = SearchVC.swift; sourceTree = "<group>"; };
		3175CBD5296BDBB5004051ED /* FavoritesListVC.swift */ = {isa = PBXFileReference; lastKnownFileType = sourcecode.swift; path = FavoritesListVC.swift; sourceTree = "<group>"; };
		3175CBD7296BE507004051ED /* GFButton.swift */ = {isa = PBXFileReference; lastKnownFileType = sourcecode.swift; path = GFButton.swift; sourceTree = "<group>"; };
		3175CBD9296BE855004051ED /* GFTextField.swift */ = {isa = PBXFileReference; lastKnownFileType = sourcecode.swift; path = GFTextField.swift; sourceTree = "<group>"; };
		3175CBDB296C0406004051ED /* FollowerListVC.swift */ = {isa = PBXFileReference; lastKnownFileType = sourcecode.swift; path = FollowerListVC.swift; sourceTree = "<group>"; };
		3175CBDD296C0859004051ED /* GFTitleLabel.swift */ = {isa = PBXFileReference; lastKnownFileType = sourcecode.swift; path = GFTitleLabel.swift; sourceTree = "<group>"; };
		3175CBDF296C09AF004051ED /* GFBodyLabel.swift */ = {isa = PBXFileReference; lastKnownFileType = sourcecode.swift; path = GFBodyLabel.swift; sourceTree = "<group>"; };
		3175CBE1296C0A69004051ED /* GFAlertVC.swift */ = {isa = PBXFileReference; lastKnownFileType = sourcecode.swift; path = GFAlertVC.swift; sourceTree = "<group>"; };
		3175CBE3296C0FC0004051ED /* UIViewController+Ext.swift */ = {isa = PBXFileReference; lastKnownFileType = sourcecode.swift; path = "UIViewController+Ext.swift"; sourceTree = "<group>"; };
		3175CBEA296D3542004051ED /* Follower.swift */ = {isa = PBXFileReference; lastKnownFileType = sourcecode.swift; path = Follower.swift; sourceTree = "<group>"; };
		3175CBEC296D360C004051ED /* User.swift */ = {isa = PBXFileReference; lastKnownFileType = sourcecode.swift; path = User.swift; sourceTree = "<group>"; };
		3175CBEF296D684C004051ED /* NetworkManager.swift */ = {isa = PBXFileReference; lastKnownFileType = sourcecode.swift; path = NetworkManager.swift; sourceTree = "<group>"; };
		3175CBF5296D77FC004051ED /* FollowerCell.swift */ = {isa = PBXFileReference; lastKnownFileType = sourcecode.swift; path = FollowerCell.swift; sourceTree = "<group>"; };
		3175CBF7296D788E004051ED /* GFAvatarImageVIew.swift */ = {isa = PBXFileReference; lastKnownFileType = sourcecode.swift; path = GFAvatarImageVIew.swift; sourceTree = "<group>"; };
		3175CBF9296D8B5D004051ED /* UIHelper.swift */ = {isa = PBXFileReference; lastKnownFileType = sourcecode.swift; path = UIHelper.swift; sourceTree = "<group>"; };
		3175CC01296EDFEC004051ED /* GFEmptyStateView.swift */ = {isa = PBXFileReference; lastKnownFileType = sourcecode.swift; path = GFEmptyStateView.swift; sourceTree = "<group>"; };
		3175CC03296FCCDB004051ED /* UserInfoVC.swift */ = {isa = PBXFileReference; lastKnownFileType = sourcecode.swift; path = UserInfoVC.swift; sourceTree = "<group>"; };
		3175CC05296FD377004051ED /* GFError.swift */ = {isa = PBXFileReference; lastKnownFileType = sourcecode.swift; path = GFError.swift; sourceTree = "<group>"; };
		3175CC07296FD66E004051ED /* GFUserInfoHeaderVC.swift */ = {isa = PBXFileReference; lastKnownFileType = sourcecode.swift; path = GFUserInfoHeaderVC.swift; sourceTree = "<group>"; };
		3175CC09296FD6D7004051ED /* GFSecondaryTitleLabel.swift */ = {isa = PBXFileReference; lastKnownFileType = sourcecode.swift; path = GFSecondaryTitleLabel.swift; sourceTree = "<group>"; };
		3175CC0B296FDCD4004051ED /* Constants.swift */ = {isa = PBXFileReference; lastKnownFileType = sourcecode.swift; path = Constants.swift; sourceTree = "<group>"; };
		3175CC0D296FED8B004051ED /* GFItemInfoView.swift */ = {isa = PBXFileReference; lastKnownFileType = sourcecode.swift; path = GFItemInfoView.swift; sourceTree = "<group>"; };
		3175CC0F296FF226004051ED /* GFItemInfoVC.swift */ = {isa = PBXFileReference; lastKnownFileType = sourcecode.swift; path = GFItemInfoVC.swift; sourceTree = "<group>"; };
		3175CC11296FF73B004051ED /* GFRepoItemVC.swift */ = {isa = PBXFileReference; lastKnownFileType = sourcecode.swift; path = GFRepoItemVC.swift; sourceTree = "<group>"; };
		3175CC13296FF8F7004051ED /* GFFollowerItemVC.swift */ = {isa = PBXFileReference; lastKnownFileType = sourcecode.swift; path = GFFollowerItemVC.swift; sourceTree = "<group>"; };
		3175CC16296FFB52004051ED /* Date+Ext.swift */ = {isa = PBXFileReference; lastKnownFileType = sourcecode.swift; path = "Date+Ext.swift"; sourceTree = "<group>"; };
		3175CC18296FFB86004051ED /* String+Ext.swift */ = {isa = PBXFileReference; lastKnownFileType = sourcecode.swift; path = "String+Ext.swift"; sourceTree = "<group>"; };
		31AB0BDB2971722800B4059E /* PersistenceManager.swift */ = {isa = PBXFileReference; lastKnownFileType = sourcecode.swift; path = PersistenceManager.swift; sourceTree = "<group>"; };
		31AB0BDD29717B6700B4059E /* FavoriteCell.swift */ = {isa = PBXFileReference; lastKnownFileType = sourcecode.swift; path = FavoriteCell.swift; sourceTree = "<group>"; };
		31AB0BE029718A1900B4059E /* GFTabBarController.swift */ = {isa = PBXFileReference; lastKnownFileType = sourcecode.swift; path = GFTabBarController.swift; sourceTree = "<group>"; };
		31AB0BE22971931400B4059E /* GFAlertContainerView.swift */ = {isa = PBXFileReference; lastKnownFileType = sourcecode.swift; path = GFAlertContainerView.swift; sourceTree = "<group>"; };
		31AB0BE429719A7500B4059E /* GFDataLoadingVC.swift */ = {isa = PBXFileReference; lastKnownFileType = sourcecode.swift; path = GFDataLoadingVC.swift; sourceTree = "<group>"; };
		31FC91632973E5F7000F85B4 /* UIView+Ext.swift */ = {isa = PBXFileReference; lastKnownFileType = sourcecode.swift; path = "UIView+Ext.swift"; sourceTree = "<group>"; };
/* End PBXFileReference section */

/* Begin PBXFrameworksBuildPhase section */
		3175CBB92962FEA8004051ED /* Frameworks */ = {
			isa = PBXFrameworksBuildPhase;
			buildActionMask = 2147483647;
			files = (
			);
			runOnlyForDeploymentPostprocessing = 0;
		};
/* End PBXFrameworksBuildPhase section */

/* Begin PBXGroup section */
		3139501B297584270049CC1F /* FollowerCell */ = {
			isa = PBXGroup;
			children = (
				3175CBF5296D77FC004051ED /* FollowerCell.swift */,
				3139501C2975845F0049CC1F /* FollowerView.swift */,
			);
			path = FollowerCell;
			sourceTree = "<group>";
		};
		3175CBB32962FEA7004051ED = {
			isa = PBXGroup;
			children = (
				3175CBBE2962FEA8004051ED /* GitHubFollowers */,
				3175CBBD2962FEA8004051ED /* Products */,
			);
			sourceTree = "<group>";
		};
		3175CBBD2962FEA8004051ED /* Products */ = {
			isa = PBXGroup;
			children = (
				3175CBBC2962FEA8004051ED /* GitHubFollowers.app */,
			);
			name = Products;
			sourceTree = "<group>";
		};
		3175CBBE2962FEA8004051ED /* GitHubFollowers */ = {
			isa = PBXGroup;
			children = (
				3175CBF1296D71CD004051ED /* Utilities */,
				3175CBEE296D6833004051ED /* Managers */,
				3175CBE9296D3533004051ED /* Model */,
				3175CBCD2962FEAD004051ED /* Info.plist */,
				3175CBE8296C1281004051ED /* Support */,
				3175CBE7296C1222004051ED /* Extentions */,
				3175CBE6296C11F1004051ED /* Custom Views */,
				3175CBE5296C11BB004051ED /* Screens */,
			);
			path = GitHubFollowers;
			sourceTree = "<group>";
		};
		3175CBE5296C11BB004051ED /* Screens */ = {
			isa = PBXGroup;
			children = (
				3175CBD3296BDB8D004051ED /* SearchVC.swift */,
				3175CBD5296BDBB5004051ED /* FavoritesListVC.swift */,
				3175CBDB296C0406004051ED /* FollowerListVC.swift */,
				3175CC03296FCCDB004051ED /* UserInfoVC.swift */,
			);
			path = Screens;
			sourceTree = "<group>";
		};
		3175CBE6296C11F1004051ED /* Custom Views */ = {
			isa = PBXGroup;
			children = (
				31AB0BDF297189FC00B4059E /* TabBarControllers */,
				3175CC00296EDFA0004051ED /* Labels */,
				3175CBFF296EDF8C004051ED /* ViewControllers */,
				3175CBFE296EDF83004051ED /* ImageViews */,
				3175CBFD296EDF7C004051ED /* TextFields */,
				3175CBFC296EDF75004051ED /* Buttons */,
				3175CBFB296EDF6A004051ED /* Views */,
				3175CBF4296D77E4004051ED /* Cells */,
			);
			path = "Custom Views";
			sourceTree = "<group>";
		};
		3175CBE7296C1222004051ED /* Extentions */ = {
			isa = PBXGroup;
			children = (
				3175CBE3296C0FC0004051ED /* UIViewController+Ext.swift */,
				3175CC16296FFB52004051ED /* Date+Ext.swift */,
				3175CC18296FFB86004051ED /* String+Ext.swift */,
				31FC91632973E5F7000F85B4 /* UIView+Ext.swift */,
				31395019297516D60049CC1F /* UITableView+Ext.swift */,
			);
			path = Extentions;
			sourceTree = "<group>";
		};
		3175CBE8296C1281004051ED /* Support */ = {
			isa = PBXGroup;
			children = (
				3175CBBF2962FEA8004051ED /* AppDelegate.swift */,
				3175CBC12962FEA8004051ED /* SceneDelegate.swift */,
				3175CBC82962FEAD004051ED /* Assets.xcassets */,
				3175CBCA2962FEAD004051ED /* LaunchScreen.storyboard */,
			);
			path = Support;
			sourceTree = "<group>";
		};
		3175CBE9296D3533004051ED /* Model */ = {
			isa = PBXGroup;
			children = (
				3175CBEA296D3542004051ED /* Follower.swift */,
				3175CBEC296D360C004051ED /* User.swift */,
			);
			path = Model;
			sourceTree = "<group>";
		};
		3175CBEE296D6833004051ED /* Managers */ = {
			isa = PBXGroup;
			children = (
				3175CBEF296D684C004051ED /* NetworkManager.swift */,
				31AB0BDB2971722800B4059E /* PersistenceManager.swift */,
			);
			path = Managers;
			sourceTree = "<group>";
		};
		3175CBF1296D71CD004051ED /* Utilities */ = {
			isa = PBXGroup;
			children = (
				3175CBF9296D8B5D004051ED /* UIHelper.swift */,
				3175CC05296FD377004051ED /* GFError.swift */,
				3175CC0B296FDCD4004051ED /* Constants.swift */,
			);
			path = Utilities;
			sourceTree = "<group>";
		};
		3175CBF4296D77E4004051ED /* Cells */ = {
			isa = PBXGroup;
			children = (
				3139501B297584270049CC1F /* FollowerCell */,
				31AB0BDD29717B6700B4059E /* FavoriteCell.swift */,
			);
			path = Cells;
			sourceTree = "<group>";
		};
		3175CBFB296EDF6A004051ED /* Views */ = {
			isa = PBXGroup;
			children = (
				3175CC01296EDFEC004051ED /* GFEmptyStateView.swift */,
				3175CC0D296FED8B004051ED /* GFItemInfoView.swift */,
				31AB0BE22971931400B4059E /* GFAlertContainerView.swift */,
			);
			path = Views;
			sourceTree = "<group>";
		};
		3175CBFC296EDF75004051ED /* Buttons */ = {
			isa = PBXGroup;
			children = (
				3175CBD7296BE507004051ED /* GFButton.swift */,
			);
			path = Buttons;
			sourceTree = "<group>";
		};
		3175CBFD296EDF7C004051ED /* TextFields */ = {
			isa = PBXGroup;
			children = (
				3175CBD9296BE855004051ED /* GFTextField.swift */,
			);
			path = TextFields;
			sourceTree = "<group>";
		};
		3175CBFE296EDF83004051ED /* ImageViews */ = {
			isa = PBXGroup;
			children = (
				3175CBF7296D788E004051ED /* GFAvatarImageVIew.swift */,
			);
			path = ImageViews;
			sourceTree = "<group>";
		};
		3175CBFF296EDF8C004051ED /* ViewControllers */ = {
			isa = PBXGroup;
			children = (
				3175CC15296FF947004051ED /* ItemInfoVCs */,
				3175CBE1296C0A69004051ED /* GFAlertVC.swift */,
				3175CC07296FD66E004051ED /* GFUserInfoHeaderVC.swift */,
				31AB0BE429719A7500B4059E /* GFDataLoadingVC.swift */,
			);
			path = ViewControllers;
			sourceTree = "<group>";
		};
		3175CC00296EDFA0004051ED /* Labels */ = {
			isa = PBXGroup;
			children = (
				3175CBDD296C0859004051ED /* GFTitleLabel.swift */,
				3175CBDF296C09AF004051ED /* GFBodyLabel.swift */,
				3175CC09296FD6D7004051ED /* GFSecondaryTitleLabel.swift */,
			);
			path = Labels;
			sourceTree = "<group>";
		};
		3175CC15296FF947004051ED /* ItemInfoVCs */ = {
			isa = PBXGroup;
			children = (
				3175CC0F296FF226004051ED /* GFItemInfoVC.swift */,
				3175CC11296FF73B004051ED /* GFRepoItemVC.swift */,
				3175CC13296FF8F7004051ED /* GFFollowerItemVC.swift */,
			);
			path = ItemInfoVCs;
			sourceTree = "<group>";
		};
		31AB0BDF297189FC00B4059E /* TabBarControllers */ = {
			isa = PBXGroup;
			children = (
				31AB0BE029718A1900B4059E /* GFTabBarController.swift */,
			);
			path = TabBarControllers;
			sourceTree = "<group>";
		};
/* End PBXGroup section */

/* Begin PBXNativeTarget section */
		3175CBBB2962FEA8004051ED /* GitHubFollowers */ = {
			isa = PBXNativeTarget;
			buildConfigurationList = 3175CBD02962FEAD004051ED /* Build configuration list for PBXNativeTarget "GitHubFollowers" */;
			buildPhases = (
				3175CBB82962FEA8004051ED /* Sources */,
				3175CBB92962FEA8004051ED /* Frameworks */,
				3175CBBA2962FEA8004051ED /* Resources */,
			);
			buildRules = (
			);
			dependencies = (
			);
			name = GitHubFollowers;
			productName = GitHubFollowers;
			productReference = 3175CBBC2962FEA8004051ED /* GitHubFollowers.app */;
			productType = "com.apple.product-type.application";
		};
/* End PBXNativeTarget section */

/* Begin PBXProject section */
		3175CBB42962FEA7004051ED /* Project object */ = {
			isa = PBXProject;
			attributes = {
				BuildIndependentTargetsInParallel = 1;
				LastSwiftUpdateCheck = 1420;
				LastUpgradeCheck = 1420;
				TargetAttributes = {
					3175CBBB2962FEA8004051ED = {
						CreatedOnToolsVersion = 14.2;
					};
				};
			};
			buildConfigurationList = 3175CBB72962FEA7004051ED /* Build configuration list for PBXProject "GitHubFollowers" */;
			compatibilityVersion = "Xcode 14.0";
			developmentRegion = en;
			hasScannedForEncodings = 0;
			knownRegions = (
				en,
				Base,
			);
			mainGroup = 3175CBB32962FEA7004051ED;
			productRefGroup = 3175CBBD2962FEA8004051ED /* Products */;
			projectDirPath = "";
			projectRoot = "";
			targets = (
				3175CBBB2962FEA8004051ED /* GitHubFollowers */,
			);
		};
/* End PBXProject section */

/* Begin PBXResourcesBuildPhase section */
		3175CBBA2962FEA8004051ED /* Resources */ = {
			isa = PBXResourcesBuildPhase;
			buildActionMask = 2147483647;
			files = (
				3175CBCC2962FEAD004051ED /* LaunchScreen.storyboard in Resources */,
				3175CBC92962FEAD004051ED /* Assets.xcassets in Resources */,
			);
			runOnlyForDeploymentPostprocessing = 0;
		};
/* End PBXResourcesBuildPhase section */

/* Begin PBXSourcesBuildPhase section */
		3175CBB82962FEA8004051ED /* Sources */ = {
			isa = PBXSourcesBuildPhase;
			buildActionMask = 2147483647;
			files = (
				3139501D2975845F0049CC1F /* FollowerView.swift in Sources */,
				3175CBED296D360C004051ED /* User.swift in Sources */,
				3175CBDA296BE855004051ED /* GFTextField.swift in Sources */,
				3175CBD6296BDBB5004051ED /* FavoritesListVC.swift in Sources */,
				3175CC19296FFB86004051ED /* String+Ext.swift in Sources */,
				3175CBD8296BE508004051ED /* GFButton.swift in Sources */,
				3175CBE4296C0FC0004051ED /* UIViewController+Ext.swift in Sources */,
				31AB0BE529719A7500B4059E /* GFDataLoadingVC.swift in Sources */,
				3175CBFA296D8B5D004051ED /* UIHelper.swift in Sources */,
				3175CC10296FF226004051ED /* GFItemInfoVC.swift in Sources */,
				3175CC0C296FDCD4004051ED /* Constants.swift in Sources */,
				3175CBD4296BDB8D004051ED /* SearchVC.swift in Sources */,
				3175CBF8296D788E004051ED /* GFAvatarImageVIew.swift in Sources */,
				3175CBE2296C0A69004051ED /* GFAlertVC.swift in Sources */,
				3175CC14296FF8F7004051ED /* GFFollowerItemVC.swift in Sources */,
				3175CC0E296FED8B004051ED /* GFItemInfoView.swift in Sources */,
				31AB0BDE29717B6700B4059E /* FavoriteCell.swift in Sources */,
				3175CBF6296D77FC004051ED /* FollowerCell.swift in Sources */,
				31AB0BE129718A1900B4059E /* GFTabBarController.swift in Sources */,
				3175CBE0296C09AF004051ED /* GFBodyLabel.swift in Sources */,
				3175CC08296FD66E004051ED /* GFUserInfoHeaderVC.swift in Sources */,
				3175CC06296FD377004051ED /* GFError.swift in Sources */,
				3139501A297516D60049CC1F /* UITableView+Ext.swift in Sources */,
				3175CBEB296D3542004051ED /* Follower.swift in Sources */,
				31AB0BE32971931400B4059E /* GFAlertContainerView.swift in Sources */,
				3175CBDE296C0859004051ED /* GFTitleLabel.swift in Sources */,
				3175CC17296FFB52004051ED /* Date+Ext.swift in Sources */,
				31AB0BDC2971722800B4059E /* PersistenceManager.swift in Sources */,
				3175CC0A296FD6D7004051ED /* GFSecondaryTitleLabel.swift in Sources */,
				3175CC02296EDFEC004051ED /* GFEmptyStateView.swift in Sources */,
				3175CBF0296D684C004051ED /* NetworkManager.swift in Sources */,
				3175CBDC296C0406004051ED /* FollowerListVC.swift in Sources */,
				3175CBC02962FEA8004051ED /* AppDelegate.swift in Sources */,
				3175CBC22962FEA8004051ED /* SceneDelegate.swift in Sources */,
				31FC91642973E5F7000F85B4 /* UIView+Ext.swift in Sources */,
				3175CC12296FF73B004051ED /* GFRepoItemVC.swift in Sources */,
				3175CC04296FCCDB004051ED /* UserInfoVC.swift in Sources */,
			);
			runOnlyForDeploymentPostprocessing = 0;
		};
/* End PBXSourcesBuildPhase section */

/* Begin PBXVariantGroup section */
		3175CBCA2962FEAD004051ED /* LaunchScreen.storyboard */ = {
			isa = PBXVariantGroup;
			children = (
				3175CBCB2962FEAD004051ED /* Base */,
			);
			name = LaunchScreen.storyboard;
			sourceTree = "<group>";
		};
/* End PBXVariantGroup section */

/* Begin XCBuildConfiguration section */
		3175CBCE2962FEAD004051ED /* Debug */ = {
			isa = XCBuildConfiguration;
			buildSettings = {
				ALWAYS_SEARCH_USER_PATHS = NO;
				CLANG_ANALYZER_NONNULL = YES;
				CLANG_ANALYZER_NUMBER_OBJECT_CONVERSION = YES_AGGRESSIVE;
				CLANG_CXX_LANGUAGE_STANDARD = "gnu++20";
				CLANG_ENABLE_MODULES = YES;
				CLANG_ENABLE_OBJC_ARC = YES;
				CLANG_ENABLE_OBJC_WEAK = YES;
				CLANG_WARN_BLOCK_CAPTURE_AUTORELEASING = YES;
				CLANG_WARN_BOOL_CONVERSION = YES;
				CLANG_WARN_COMMA = YES;
				CLANG_WARN_CONSTANT_CONVERSION = YES;
				CLANG_WARN_DEPRECATED_OBJC_IMPLEMENTATIONS = YES;
				CLANG_WARN_DIRECT_OBJC_ISA_USAGE = YES_ERROR;
				CLANG_WARN_DOCUMENTATION_COMMENTS = YES;
				CLANG_WARN_EMPTY_BODY = YES;
				CLANG_WARN_ENUM_CONVERSION = YES;
				CLANG_WARN_INFINITE_RECURSION = YES;
				CLANG_WARN_INT_CONVERSION = YES;
				CLANG_WARN_NON_LITERAL_NULL_CONVERSION = YES;
				CLANG_WARN_OBJC_IMPLICIT_RETAIN_SELF = YES;
				CLANG_WARN_OBJC_LITERAL_CONVERSION = YES;
				CLANG_WARN_OBJC_ROOT_CLASS = YES_ERROR;
				CLANG_WARN_QUOTED_INCLUDE_IN_FRAMEWORK_HEADER = YES;
				CLANG_WARN_RANGE_LOOP_ANALYSIS = YES;
				CLANG_WARN_STRICT_PROTOTYPES = YES;
				CLANG_WARN_SUSPICIOUS_MOVE = YES;
				CLANG_WARN_UNGUARDED_AVAILABILITY = YES_AGGRESSIVE;
				CLANG_WARN_UNREACHABLE_CODE = YES;
				CLANG_WARN__DUPLICATE_METHOD_MATCH = YES;
				COPY_PHASE_STRIP = NO;
				DEBUG_INFORMATION_FORMAT = dwarf;
				ENABLE_STRICT_OBJC_MSGSEND = YES;
				ENABLE_TESTABILITY = YES;
				GCC_C_LANGUAGE_STANDARD = gnu11;
				GCC_DYNAMIC_NO_PIC = NO;
				GCC_NO_COMMON_BLOCKS = YES;
				GCC_OPTIMIZATION_LEVEL = 0;
				GCC_PREPROCESSOR_DEFINITIONS = (
					"DEBUG=1",
					"$(inherited)",
				);
				GCC_WARN_64_TO_32_BIT_CONVERSION = YES;
				GCC_WARN_ABOUT_RETURN_TYPE = YES_ERROR;
				GCC_WARN_UNDECLARED_SELECTOR = YES;
				GCC_WARN_UNINITIALIZED_AUTOS = YES_AGGRESSIVE;
				GCC_WARN_UNUSED_FUNCTION = YES;
				GCC_WARN_UNUSED_VARIABLE = YES;
				IPHONEOS_DEPLOYMENT_TARGET = 15.0;
				MTL_ENABLE_DEBUG_INFO = INCLUDE_SOURCE;
				MTL_FAST_MATH = YES;
				ONLY_ACTIVE_ARCH = YES;
				SDKROOT = iphoneos;
				SWIFT_ACTIVE_COMPILATION_CONDITIONS = DEBUG;
				SWIFT_OPTIMIZATION_LEVEL = "-Onone";
			};
			name = Debug;
		};
		3175CBCF2962FEAD004051ED /* Release */ = {
			isa = XCBuildConfiguration;
			buildSettings = {
				ALWAYS_SEARCH_USER_PATHS = NO;
				CLANG_ANALYZER_NONNULL = YES;
				CLANG_ANALYZER_NUMBER_OBJECT_CONVERSION = YES_AGGRESSIVE;
				CLANG_CXX_LANGUAGE_STANDARD = "gnu++20";
				CLANG_ENABLE_MODULES = YES;
				CLANG_ENABLE_OBJC_ARC = YES;
				CLANG_ENABLE_OBJC_WEAK = YES;
				CLANG_WARN_BLOCK_CAPTURE_AUTORELEASING = YES;
				CLANG_WARN_BOOL_CONVERSION = YES;
				CLANG_WARN_COMMA = YES;
				CLANG_WARN_CONSTANT_CONVERSION = YES;
				CLANG_WARN_DEPRECATED_OBJC_IMPLEMENTATIONS = YES;
				CLANG_WARN_DIRECT_OBJC_ISA_USAGE = YES_ERROR;
				CLANG_WARN_DOCUMENTATION_COMMENTS = YES;
				CLANG_WARN_EMPTY_BODY = YES;
				CLANG_WARN_ENUM_CONVERSION = YES;
				CLANG_WARN_INFINITE_RECURSION = YES;
				CLANG_WARN_INT_CONVERSION = YES;
				CLANG_WARN_NON_LITERAL_NULL_CONVERSION = YES;
				CLANG_WARN_OBJC_IMPLICIT_RETAIN_SELF = YES;
				CLANG_WARN_OBJC_LITERAL_CONVERSION = YES;
				CLANG_WARN_OBJC_ROOT_CLASS = YES_ERROR;
				CLANG_WARN_QUOTED_INCLUDE_IN_FRAMEWORK_HEADER = YES;
				CLANG_WARN_RANGE_LOOP_ANALYSIS = YES;
				CLANG_WARN_STRICT_PROTOTYPES = YES;
				CLANG_WARN_SUSPICIOUS_MOVE = YES;
				CLANG_WARN_UNGUARDED_AVAILABILITY = YES_AGGRESSIVE;
				CLANG_WARN_UNREACHABLE_CODE = YES;
				CLANG_WARN__DUPLICATE_METHOD_MATCH = YES;
				COPY_PHASE_STRIP = NO;
				DEBUG_INFORMATION_FORMAT = "dwarf-with-dsym";
				ENABLE_NS_ASSERTIONS = NO;
				ENABLE_STRICT_OBJC_MSGSEND = YES;
				GCC_C_LANGUAGE_STANDARD = gnu11;
				GCC_NO_COMMON_BLOCKS = YES;
				GCC_WARN_64_TO_32_BIT_CONVERSION = YES;
				GCC_WARN_ABOUT_RETURN_TYPE = YES_ERROR;
				GCC_WARN_UNDECLARED_SELECTOR = YES;
				GCC_WARN_UNINITIALIZED_AUTOS = YES_AGGRESSIVE;
				GCC_WARN_UNUSED_FUNCTION = YES;
				GCC_WARN_UNUSED_VARIABLE = YES;
				IPHONEOS_DEPLOYMENT_TARGET = 15.0;
				MTL_ENABLE_DEBUG_INFO = NO;
				MTL_FAST_MATH = YES;
				SDKROOT = iphoneos;
				SWIFT_COMPILATION_MODE = wholemodule;
				SWIFT_OPTIMIZATION_LEVEL = "-O";
				VALIDATE_PRODUCT = YES;
			};
			name = Release;
		};
		3175CBD12962FEAD004051ED /* Debug */ = {
			isa = XCBuildConfiguration;
			buildSettings = {
				ASSETCATALOG_COMPILER_APPICON_NAME = AppIcon;
				ASSETCATALOG_COMPILER_GLOBAL_ACCENT_COLOR_NAME = AccentColor;
				CODE_SIGN_STYLE = Automatic;
				CURRENT_PROJECT_VERSION = 1;
				DEVELOPMENT_TEAM = 24Z8S48QJ2;
				GENERATE_INFOPLIST_FILE = YES;
				INFOPLIST_FILE = GitHubFollowers/Info.plist;
				INFOPLIST_KEY_UIApplicationSupportsIndirectInputEvents = YES;
				INFOPLIST_KEY_UILaunchStoryboardName = LaunchScreen;
				INFOPLIST_KEY_UIMainStoryboardFile = "";
				INFOPLIST_KEY_UISupportedInterfaceOrientations = UIInterfaceOrientationPortrait;
				INFOPLIST_KEY_UISupportedInterfaceOrientations_iPad = "UIInterfaceOrientationLandscapeLeft UIInterfaceOrientationLandscapeRight UIInterfaceOrientationPortrait UIInterfaceOrientationPortraitUpsideDown";
				LD_RUNPATH_SEARCH_PATHS = (
					"$(inherited)",
					"@executable_path/Frameworks",
				);
				MARKETING_VERSION = 1.0;
				PRODUCT_BUNDLE_IDENTIFIER = com.milabochkova.GitHubFollowers;
				PRODUCT_NAME = "$(TARGET_NAME)";
				SWIFT_EMIT_LOC_STRINGS = YES;
				SWIFT_VERSION = 5.0;
				TARGETED_DEVICE_FAMILY = "1,2";
			};
			name = Debug;
		};
		3175CBD22962FEAD004051ED /* Release */ = {
			isa = XCBuildConfiguration;
			buildSettings = {
				ASSETCATALOG_COMPILER_APPICON_NAME = AppIcon;
				ASSETCATALOG_COMPILER_GLOBAL_ACCENT_COLOR_NAME = AccentColor;
				CODE_SIGN_STYLE = Automatic;
				CURRENT_PROJECT_VERSION = 1;
				DEVELOPMENT_TEAM = 24Z8S48QJ2;
				GENERATE_INFOPLIST_FILE = YES;
				INFOPLIST_FILE = GitHubFollowers/Info.plist;
				INFOPLIST_KEY_UIApplicationSupportsIndirectInputEvents = YES;
				INFOPLIST_KEY_UILaunchStoryboardName = LaunchScreen;
				INFOPLIST_KEY_UIMainStoryboardFile = "";
				INFOPLIST_KEY_UISupportedInterfaceOrientations = UIInterfaceOrientationPortrait;
				INFOPLIST_KEY_UISupportedInterfaceOrientations_iPad = "UIInterfaceOrientationLandscapeLeft UIInterfaceOrientationLandscapeRight UIInterfaceOrientationPortrait UIInterfaceOrientationPortraitUpsideDown";
				LD_RUNPATH_SEARCH_PATHS = (
					"$(inherited)",
					"@executable_path/Frameworks",
				);
				MARKETING_VERSION = 1.0;
				PRODUCT_BUNDLE_IDENTIFIER = com.milabochkova.GitHubFollowers;
				PRODUCT_NAME = "$(TARGET_NAME)";
				SWIFT_EMIT_LOC_STRINGS = YES;
				SWIFT_VERSION = 5.0;
				TARGETED_DEVICE_FAMILY = "1,2";
			};
			name = Release;
		};
/* End XCBuildConfiguration section */

/* Begin XCConfigurationList section */
		3175CBB72962FEA7004051ED /* Build configuration list for PBXProject "GitHubFollowers" */ = {
			isa = XCConfigurationList;
			buildConfigurations = (
				3175CBCE2962FEAD004051ED /* Debug */,
				3175CBCF2962FEAD004051ED /* Release */,
			);
			defaultConfigurationIsVisible = 0;
			defaultConfigurationName = Release;
		};
		3175CBD02962FEAD004051ED /* Build configuration list for PBXNativeTarget "GitHubFollowers" */ = {
			isa = XCConfigurationList;
			buildConfigurations = (
				3175CBD12962FEAD004051ED /* Debug */,
				3175CBD22962FEAD004051ED /* Release */,
			);
			defaultConfigurationIsVisible = 0;
			defaultConfigurationName = Release;
		};
/* End XCConfigurationList section */
	};
	rootObject = 3175CBB42962FEA7004051ED /* Project object */;
}
